
Microsoft Visual Studio Solution File, Format Version 12.00
# Visual Studio 15
VisualStudioVersion = 15.0.27703.2042
MinimumVisualStudioVersion = 10.0.40219.1
Project("{FAE04EC0-301F-11D3-BF4B-00C04F79EFBC}") = "CycleProvider.Library", "CycleProvider.Library.csproj", "{1DECED50-B269-4668-9381-ED973FBE8E79}"
EndProject
Project("{FAE04EC0-301F-11D3-BF4B-00C04F79EFBC}") = "CycleProvider.Contracts", "..\CycleProvider.Contracts\CycleProvider.Contracts.csproj", "{7621EA54-5448-41F4-A4FC-9BA46CC8B12E}"
EndProject
Project("{FAE04EC0-301F-11D3-BF4B-00C04F79EFBC}") = "CycleProvider.Library.Tests", "..\CycleProvider.Library.Tests\CycleProvider.Library.Tests\CycleProvider.Library.Tests.csproj", "{61EFE8D9-55B7-48A8-84E5-1B794443A6D2}"
EndProject
Project("{FAE04EC0-301F-11D3-BF4B-00C04F79EFBC}") = "CycleProvider.WpfApp", "CycleProvider.WpfApp\CycleProvider.WpfApp.csproj", "{0963B68C-ADB7-49CB-8AED-30BFE5BD3541}"
	ProjectSection(ProjectDependencies) = postProject
		{48E7DA2B-FA12-4D88-B914-31BBB9B8905F} = {48E7DA2B-FA12-4D88-B914-31BBB9B8905F}
	EndProjectSection
EndProject
Project("{FAE04EC0-301F-11D3-BF4B-00C04F79EFBC}") = "CycleProvider.ConsoleApp", "..\CycleProvider.ConsoleApp\CycleProvider.ConsoleApp.csproj", "{CD089FF2-7A7B-4113-B858-0D4738A631ED}"
EndProject
Project("{FAE04EC0-301F-11D3-BF4B-00C04F79EFBC}") = "CycleProvider.ConsoleParallel", "CycleProvider.ConsoleParallel\CycleProvider.ConsoleParallel.csproj", "{D407F0F9-1C7A-4623-B7E8-16D465467EE9}"
EndProject
Project("{FAE04EC0-301F-11D3-BF4B-00C04F79EFBC}") = "CycleProvider.CalculatorService", "..\CycleProvider.CalculatorService\CycleProvider.CalculatorService.csproj", "{48E7DA2B-FA12-4D88-B914-31BBB9B8905F}"
EndProject
Project("{FAE04EC0-301F-11D3-BF4B-00C04F79EFBC}") = "CycleProvider.MvcApp", "CycleProvider.MvcApp\CycleProvider.MvcApp.csproj", "{61EA31FE-CD62-4B80-81BC-07C54C493E2A}"
EndProject
Global
	GlobalSection(SolutionConfigurationPlatforms) = preSolution
		Debug|Any CPU = Debug|Any CPU
		Release|Any CPU = Release|Any CPU
	EndGlobalSection
	GlobalSection(ProjectConfigurationPlatforms) = postSolution
		{1DECED50-B269-4668-9381-ED973FBE8E79}.Debug|Any CPU.ActiveCfg = Debug|Any CPU
		{1DECED50-B269-4668-9381-ED973FBE8E79}.Debug|Any CPU.Build.0 = Debug|Any CPU
		{1DECED50-B269-4668-9381-ED973FBE8E79}.Release|Any CPU.ActiveCfg = Release|Any CPU
		{1DECED50-B269-4668-9381-ED973FBE8E79}.Release|Any CPU.Build.0 = Release|Any CPU
		{7621EA54-5448-41F4-A4FC-9BA46CC8B12E}.Debug|Any CPU.ActiveCfg = Debug|Any CPU
		{7621EA54-5448-41F4-A4FC-9BA46CC8B12E}.Debug|Any CPU.Build.0 = Debug|Any CPU
		{7621EA54-5448-41F4-A4FC-9BA46CC8B12E}.Release|Any CPU.ActiveCfg = Release|Any CPU
		{7621EA54-5448-41F4-A4FC-9BA46CC8B12E}.Release|Any CPU.Build.0 = Release|Any CPU
		{61EFE8D9-55B7-48A8-84E5-1B794443A6D2}.Debug|Any CPU.ActiveCfg = Debug|Any CPU
		{61EFE8D9-55B7-48A8-84E5-1B794443A6D2}.Debug|Any CPU.Build.0 = Debug|Any CPU
		{61EFE8D9-55B7-48A8-84E5-1B794443A6D2}.Release|Any CPU.ActiveCfg = Release|Any CPU
		{61EFE8D9-55B7-48A8-84E5-1B794443A6D2}.Release|Any CPU.Build.0 = Release|Any CPU
		{0963B68C-ADB7-49CB-8AED-30BFE5BD3541}.Debug|Any CPU.ActiveCfg = Debug|Any CPU
		{0963B68C-ADB7-49CB-8AED-30BFE5BD3541}.Debug|Any CPU.Build.0 = Debug|Any CPU
		{0963B68C-ADB7-49CB-8AED-30BFE5BD3541}.Release|Any CPU.ActiveCfg = Release|Any CPU
		{0963B68C-ADB7-49CB-8AED-30BFE5BD3541}.Release|Any CPU.Build.0 = Release|Any CPU
		{CD089FF2-7A7B-4113-B858-0D4738A631ED}.Debug|Any CPU.ActiveCfg = Debug|Any CPU
		{CD089FF2-7A7B-4113-B858-0D4738A631ED}.Debug|Any CPU.Build.0 = Debug|Any CPU
		{CD089FF2-7A7B-4113-B858-0D4738A631ED}.Release|Any CPU.ActiveCfg = Release|Any CPU
		{CD089FF2-7A7B-4113-B858-0D4738A631ED}.Release|Any CPU.Build.0 = Release|Any CPU
		{D407F0F9-1C7A-4623-B7E8-16D465467EE9}.Debug|Any CPU.ActiveCfg = Debug|Any CPU
		{D407F0F9-1C7A-4623-B7E8-16D465467EE9}.Debug|Any CPU.Build.0 = Debug|Any CPU
		{D407F0F9-1C7A-4623-B7E8-16D465467EE9}.Release|Any CPU.ActiveCfg = Release|Any CPU
		{D407F0F9-1C7A-4623-B7E8-16D465467EE9}.Release|Any CPU.Build.0 = Release|Any CPU
		{48E7DA2B-FA12-4D88-B914-31BBB9B8905F}.Debug|Any CPU.ActiveCfg = Debug|Any CPU
		{48E7DA2B-FA12-4D88-B914-31BBB9B8905F}.Debug|Any CPU.Build.0 = Debug|Any CPU
		{48E7DA2B-FA12-4D88-B914-31BBB9B8905F}.Release|Any CPU.ActiveCfg = Release|Any CPU
		{48E7DA2B-FA12-4D88-B914-31BBB9B8905F}.Release|Any CPU.Build.0 = Release|Any CPU
		{61EA31FE-CD62-4B80-81BC-07C54C493E2A}.Debug|Any CPU.ActiveCfg = Debug|Any CPU
		{61EA31FE-CD62-4B80-81BC-07C54C493E2A}.Debug|Any CPU.Build.0 = Debug|Any CPU
		{61EA31FE-CD62-4B80-81BC-07C54C493E2A}.Release|Any CPU.ActiveCfg = Release|Any CPU
		{61EA31FE-CD62-4B80-81BC-07C54C493E2A}.Release|Any CPU.Build.0 = Release|Any CPU
	EndGlobalSection
	GlobalSection(SolutionProperties) = preSolution
		HideSolutionNode = FALSE
	EndGlobalSection
	GlobalSection(ExtensibilityGlobals) = postSolution
		SolutionGuid = {BDC27CA5-C4FB-496F-AB0A-9AA806B7603E}
	EndGlobalSection
EndGlobal
